{
  "nodes": {
    "flake-compat": {
      "flake": false,
      "locked": {
        "lastModified": 1747046372,
        "narHash": "sha256-CIVLLkVgvHYbgI2UpXvIIBJ12HWgX+fjA8Xf8PUmqCY=",
        "owner": "edolstra",
        "repo": "flake-compat",
        "rev": "9100a0f413b0c601e0533d1d94ffd501ce2e7885",
        "type": "github"
      },
      "original": {
        "owner": "edolstra",
        "repo": "flake-compat",
        "type": "github"
      }
    },
    "nixos-wsl": {
      "inputs": {
        "flake-compat": "flake-compat",
        "nixpkgs": [
          "nixpkgs"
        ]
      },
      "locked": {
        "lastModified": 1755171343,
        "narHash": "sha256-h6bbfhqWcHlx9tcyYa7dhaEiNpusLCcFYkJ/AnltLW8=",
        "owner": "nix-community",
        "repo": "NixOS-WSL",
        "rev": "e37cfef071466a9ca649f6899aff05226ce17e9e",
        "type": "github"
      },
      "original": {
        "owner": "nix-community",
        "ref": "main",
        "repo": "NixOS-WSL",
        "type": "github"
      }
    },
    "nixpkgs": {
      "locked": {
        "lastModified": 1759381078,
        "narHash": "sha256-gTrEEp5gEspIcCOx9PD8kMaF1iEmfBcTbO0Jag2QhQs=",
        "ref": "nixos-unstable",
        "rev": "7df7ff7d8e00218376575f0acdcc5d66741351ee",
        "shallow": true,
        "type": "git",
        "url": "https://mirrors.tuna.tsinghua.edu.cn/git/nixpkgs.git"
      },
      "original": {
        "ref": "nixos-unstable",
        "shallow": true,
        "type": "git",
        "url": "https://mirrors.tuna.tsinghua.edu.cn/git/nixpkgs.git"
      }
    },
    "noctalia": {
      "inputs": {
        "nixpkgs": [
          "nixpkgs"
        ],
        "quickshell": [
          "quickshell"
        ],
        "systems": "systems"
      },
      "locked": {
        "lastModified": 1759752249,
        "narHash": "sha256-/P1YfNlDwBCTf28z61oaR3UBvmi6khapbJgUaQ7Uyyo=",
        "owner": "noctalia-dev",
        "repo": "noctalia-shell",
        "rev": "bff0694b0263ed8d85615b08a8f1d083a638fb19",
        "type": "github"
      },
      "original": {
        "owner": "noctalia-dev",
        "repo": "noctalia-shell",
        "type": "github"
      }
    },
    "quickshell": {
      "inputs": {
        "nixpkgs": [
          "nixpkgs"
        ]
      },
      "locked": {
        "lastModified": 1759610621,
        "narHash": "sha256-P3UPFd95mS/3aNgy40nCXAmyfR2bEEBd+tX6xfkYFb0=",
        "owner": "outfoxxed",
        "repo": "quickshell",
        "rev": "c5c438f1cd1a76660a8658ef929a3d19e968e2ce",
        "type": "github"
      },
      "original": {
        "owner": "outfoxxed",
        "repo": "quickshell",
        "type": "github"
      }
    },
    "root": {
      "inputs": {
        "nixos-wsl": "nixos-wsl",
        "nixpkgs": "nixpkgs",
        "noctalia": "noctalia",
        "quickshell": "quickshell",
        "starshipConfig": "starshipConfig",
        "yaziFlavors": "yaziFlavors"
      }
    },
    "starshipConfig": {
      "flake": false,
      "locked": {
        "narHash": "sha256-OwklK1VkPolR8C6Srn36+8ZEM/T18dVBBiqGKcOse6w=",
        "type": "file",
        "url": "https://gist.githubusercontent.com/Ardenet/dfd994874c040890c28f854e3bdcd4db/raw/starship.toml"
      },
      "original": {
        "type": "file",
        "url": "https://gist.githubusercontent.com/Ardenet/dfd994874c040890c28f854e3bdcd4db/raw/starship.toml"
      }
    },
    "systems": {
      "locked": {
        "lastModified": 1681028828,
        "narHash": "sha256-Vy1rq5AaRuLzOxct8nz4T6wlgyUR7zLU309k9mBC768=",
        "owner": "nix-systems",
        "repo": "default",
        "rev": "da67096a3b9bf56a91d16901293e51ba5b49a27e",
        "type": "github"
      },
      "original": {
        "owner": "nix-systems",
        "repo": "default",
        "type": "github"
      }
    },
    "yaziFlavors": {
      "flake": false,
      "locked": {
        "lastModified": 1758842767,
        "narHash": "sha256-+awiEG5ep0/6GaW8YXJ7FP0/xrL4lSrJZgr7qjh8iBc=",
        "owner": "yazi-rs",
        "repo": "flavors",
        "rev": "2d73b79da7c1a04420c6c5ef0b0974697f947ef6",
        "type": "github"
      },
      "original": {
        "owner": "yazi-rs",
        "ref": "main",
        "repo": "flavors",
        "type": "github"
      }
    }
  },
  "root": "root",
  "version": 7
}
